// !$*UTF8*$!
{
	archiveVersion = 1;
	classes = {
	};
	objectVersion = 56;
	objects = {

/* Begin PBXBuildFile section */
		FF0778FD29B42B8000C19883 /* HexagonView.swift in Sources */ = {isa = PBXBuildFile; fileRef = FF0778FC29B42B8000C19883 /* HexagonView.swift */; };
		FF0778FF29B434F700C19883 /* BlobView.swift in Sources */ = {isa = PBXBuildFile; fileRef = FF0778FE29B434F700C19883 /* BlobView.swift */; };
		FF07790129B4E25F00C19883 /* TabBar.swift in Sources */ = {isa = PBXBuildFile; fileRef = FF07790029B4E25F00C19883 /* TabBar.swift */; };
		FF07790329B510B000C19883 /* Tab.swift in Sources */ = {isa = PBXBuildFile; fileRef = FF07790229B510B000C19883 /* Tab.swift */; };
		FF07790529B5261A00C19883 /* HomeView.swift in Sources */ = {isa = PBXBuildFile; fileRef = FF07790429B5261A00C19883 /* HomeView.swift */; };
		FF0E524F29DE7DB4007F7CEE /* Address.swift in Sources */ = {isa = PBXBuildFile; fileRef = FF0E524E29DE7DB4007F7CEE /* Address.swift */; };
		FF0E525129DE7F53007F7CEE /* Coin.swift in Sources */ = {isa = PBXBuildFile; fileRef = FF0E525029DE7F53007F7CEE /* Coin.swift */; };
		FF0E525329DF38B1007F7CEE /* CircularView.swift in Sources */ = {isa = PBXBuildFile; fileRef = FF0E525229DF38B1007F7CEE /* CircularView.swift */; };
		FF0E525529DF44EA007F7CEE /* CourseSection.swift in Sources */ = {isa = PBXBuildFile; fileRef = FF0E525429DF44EA007F7CEE /* CourseSection.swift */; };
		FF0E525729DF4580007F7CEE /* SectionRow.swift in Sources */ = {isa = PBXBuildFile; fileRef = FF0E525629DF4580007F7CEE /* SectionRow.swift */; };
		FF0E525929DF47C9007F7CEE /* SectionView.swift in Sources */ = {isa = PBXBuildFile; fileRef = FF0E525829DF47C9007F7CEE /* SectionView.swift */; };
		FF2266D429BD664700E78C9D /* MatchedView.swift in Sources */ = {isa = PBXBuildFile; fileRef = FF2266D329BD664700E78C9D /* MatchedView.swift */; };
		FF2266D629BE548C00E78C9D /* CourseItem.swift in Sources */ = {isa = PBXBuildFile; fileRef = FF2266D529BE548C00E78C9D /* CourseItem.swift */; };
		FF2266D829BE55C100E78C9D /* CourseView.swift in Sources */ = {isa = PBXBuildFile; fileRef = FF2266D729BE55C100E78C9D /* CourseView.swift */; };
		FF2266DA29BE5BBE00E78C9D /* Animations.swift in Sources */ = {isa = PBXBuildFile; fileRef = FF2266D929BE5BBE00E78C9D /* Animations.swift */; };
		FF2266DC29C2B80B00E78C9D /* Model.swift in Sources */ = {isa = PBXBuildFile; fileRef = FF2266DB29C2B80A00E78C9D /* Model.swift */; };
		FF2A733329BADAFE00308FB3 /* PreferenceKeys.swift in Sources */ = {isa = PBXBuildFile; fileRef = FF2A733229BADAFE00308FB3 /* PreferenceKeys.swift */; };
		FF2A733529BBD0E600308FB3 /* AnimatableFontModifier.swift in Sources */ = {isa = PBXBuildFile; fileRef = FF2A733429BBD0E600308FB3 /* AnimatableFontModifier.swift */; };
		FF2A733729BBD3DA00308FB3 /* Course.swift in Sources */ = {isa = PBXBuildFile; fileRef = FF2A733629BBD3DA00308FB3 /* Course.swift */; };
		FF6A5B0F29AEFA75002B1322 /* DesignCodeIOS15App.swift in Sources */ = {isa = PBXBuildFile; fileRef = FF6A5B0E29AEFA75002B1322 /* DesignCodeIOS15App.swift */; };
		FF6A5B1129AEFA75002B1322 /* ContentView.swift in Sources */ = {isa = PBXBuildFile; fileRef = FF6A5B1029AEFA75002B1322 /* ContentView.swift */; };
		FF6A5B1329AEFA77002B1322 /* Assets.xcassets in Resources */ = {isa = PBXBuildFile; fileRef = FF6A5B1229AEFA77002B1322 /* Assets.xcassets */; };
		FF6A5B1629AEFA77002B1322 /* Preview Assets.xcassets in Resources */ = {isa = PBXBuildFile; fileRef = FF6A5B1529AEFA77002B1322 /* Preview Assets.xcassets */; };
		FF76C22A29C4B70200587D7C /* SearchView.swift in Sources */ = {isa = PBXBuildFile; fileRef = FF76C22929C4B70200587D7C /* SearchView.swift */; };
		FF8DA57529B97E79001A5B15 /* FeaturedItem.swift in Sources */ = {isa = PBXBuildFile; fileRef = FF8DA57429B97E79001A5B15 /* FeaturedItem.swift */; };
		FF8DA57729B97F60001A5B15 /* NavigationBar.swift in Sources */ = {isa = PBXBuildFile; fileRef = FF8DA57629B97F60001A5B15 /* NavigationBar.swift */; };
		FF91FA6B29D45CD800DD37AF /* InputStyle.swift in Sources */ = {isa = PBXBuildFile; fileRef = FF91FA6A29D45CD800DD37AF /* InputStyle.swift */; };
		FFB4FC5129CCC694001887BA /* SignUpView.swift in Sources */ = {isa = PBXBuildFile; fileRef = FFB4FC5029CCC693001887BA /* SignUpView.swift */; };
		FFB4FC5329CCCC3D001887BA /* AngularButtonStyle.swift in Sources */ = {isa = PBXBuildFile; fileRef = FFB4FC5229CCCC3D001887BA /* AngularButtonStyle.swift */; };
		FFE60D3629C5622800E59A28 /* Suggestion.swift in Sources */ = {isa = PBXBuildFile; fileRef = FFE60D3529C5622800E59A28 /* Suggestion.swift */; };
		FFE8E07E29DD152300DBC2A9 /* AvatarView.swift in Sources */ = {isa = PBXBuildFile; fileRef = FFE8E07D29DD152300DBC2A9 /* AvatarView.swift */; };
		FFF697DD29DC4728002DD322 /* ModalView.swift in Sources */ = {isa = PBXBuildFile; fileRef = FFF697DC29DC4728002DD322 /* ModalView.swift */; };
		FFF697DF29DC47A1002DD322 /* SignInView.swift in Sources */ = {isa = PBXBuildFile; fileRef = FFF697DE29DC47A1002DD322 /* SignInView.swift */; };
		FFFD3A6A29B218C000087577 /* Styles.swift in Sources */ = {isa = PBXBuildFile; fileRef = FFFD3A6929B218C000087577 /* Styles.swift */; };
		FFFD3A6C29B2216900087577 /* AccountView.swift in Sources */ = {isa = PBXBuildFile; fileRef = FFFD3A6B29B2216900087577 /* AccountView.swift */; };
/* End PBXBuildFile section */

/* Begin PBXFileReference section */
		FF0778FC29B42B8000C19883 /* HexagonView.swift */ = {isa = PBXFileReference; lastKnownFileType = sourcecode.swift; path = HexagonView.swift; sourceTree = "<group>"; };
		FF0778FE29B434F700C19883 /* BlobView.swift */ = {isa = PBXFileReference; lastKnownFileType = sourcecode.swift; path = BlobView.swift; sourceTree = "<group>"; };
		FF07790029B4E25F00C19883 /* TabBar.swift */ = {isa = PBXFileReference; lastKnownFileType = sourcecode.swift; path = TabBar.swift; sourceTree = "<group>"; };
		FF07790229B510B000C19883 /* Tab.swift */ = {isa = PBXFileReference; lastKnownFileType = sourcecode.swift; path = Tab.swift; sourceTree = "<group>"; };
		FF07790429B5261A00C19883 /* HomeView.swift */ = {isa = PBXFileReference; lastKnownFileType = sourcecode.swift; path = HomeView.swift; sourceTree = "<group>"; };
		FF0E524E29DE7DB4007F7CEE /* Address.swift */ = {isa = PBXFileReference; lastKnownFileType = sourcecode.swift; path = Address.swift; sourceTree = "<group>"; };
		FF0E525029DE7F53007F7CEE /* Coin.swift */ = {isa = PBXFileReference; lastKnownFileType = sourcecode.swift; path = Coin.swift; sourceTree = "<group>"; };
		FF0E525229DF38B1007F7CEE /* CircularView.swift */ = {isa = PBXFileReference; lastKnownFileType = sourcecode.swift; path = CircularView.swift; sourceTree = "<group>"; };
		FF0E525429DF44EA007F7CEE /* CourseSection.swift */ = {isa = PBXFileReference; lastKnownFileType = sourcecode.swift; path = CourseSection.swift; sourceTree = "<group>"; };
		FF0E525629DF4580007F7CEE /* SectionRow.swift */ = {isa = PBXFileReference; lastKnownFileType = sourcecode.swift; path = SectionRow.swift; sourceTree = "<group>"; };
		FF0E525829DF47C9007F7CEE /* SectionView.swift */ = {isa = PBXFileReference; lastKnownFileType = sourcecode.swift; path = SectionView.swift; sourceTree = "<group>"; };
		FF2266D329BD664700E78C9D /* MatchedView.swift */ = {isa = PBXFileReference; lastKnownFileType = sourcecode.swift; path = MatchedView.swift; sourceTree = "<group>"; };
		FF2266D529BE548C00E78C9D /* CourseItem.swift */ = {isa = PBXFileReference; lastKnownFileType = sourcecode.swift; path = CourseItem.swift; sourceTree = "<group>"; };
		FF2266D729BE55C100E78C9D /* CourseView.swift */ = {isa = PBXFileReference; lastKnownFileType = sourcecode.swift; path = CourseView.swift; sourceTree = "<group>"; };
		FF2266D929BE5BBE00E78C9D /* Animations.swift */ = {isa = PBXFileReference; lastKnownFileType = sourcecode.swift; path = Animations.swift; sourceTree = "<group>"; };
		FF2266DB29C2B80A00E78C9D /* Model.swift */ = {isa = PBXFileReference; lastKnownFileType = sourcecode.swift; path = Model.swift; sourceTree = "<group>"; };
		FF2A733229BADAFE00308FB3 /* PreferenceKeys.swift */ = {isa = PBXFileReference; lastKnownFileType = sourcecode.swift; path = PreferenceKeys.swift; sourceTree = "<group>"; };
		FF2A733429BBD0E600308FB3 /* AnimatableFontModifier.swift */ = {isa = PBXFileReference; lastKnownFileType = sourcecode.swift; path = AnimatableFontModifier.swift; sourceTree = "<group>"; };
		FF2A733629BBD3DA00308FB3 /* Course.swift */ = {isa = PBXFileReference; lastKnownFileType = sourcecode.swift; path = Course.swift; sourceTree = "<group>"; };
		FF6A5B0B29AEFA75002B1322 /* DesignCodeIOS15.app */ = {isa = PBXFileReference; explicitFileType = wrapper.application; includeInIndex = 0; path = DesignCodeIOS15.app; sourceTree = BUILT_PRODUCTS_DIR; };
		FF6A5B0E29AEFA75002B1322 /* DesignCodeIOS15App.swift */ = {isa = PBXFileReference; lastKnownFileType = sourcecode.swift; path = DesignCodeIOS15App.swift; sourceTree = "<group>"; };
		FF6A5B1029AEFA75002B1322 /* ContentView.swift */ = {isa = PBXFileReference; lastKnownFileType = sourcecode.swift; path = ContentView.swift; sourceTree = "<group>"; };
		FF6A5B1229AEFA77002B1322 /* Assets.xcassets */ = {isa = PBXFileReference; lastKnownFileType = folder.assetcatalog; path = Assets.xcassets; sourceTree = "<group>"; };
		FF6A5B1529AEFA77002B1322 /* Preview Assets.xcassets */ = {isa = PBXFileReference; lastKnownFileType = folder.assetcatalog; path = "Preview Assets.xcassets"; sourceTree = "<group>"; };
		FF76C22929C4B70200587D7C /* SearchView.swift */ = {isa = PBXFileReference; lastKnownFileType = sourcecode.swift; path = SearchView.swift; sourceTree = "<group>"; };
		FF8DA57429B97E79001A5B15 /* FeaturedItem.swift */ = {isa = PBXFileReference; lastKnownFileType = sourcecode.swift; path = FeaturedItem.swift; sourceTree = "<group>"; };
		FF8DA57629B97F60001A5B15 /* NavigationBar.swift */ = {isa = PBXFileReference; lastKnownFileType = sourcecode.swift; path = NavigationBar.swift; sourceTree = "<group>"; };
		FF91FA6A29D45CD800DD37AF /* InputStyle.swift */ = {isa = PBXFileReference; lastKnownFileType = sourcecode.swift; path = InputStyle.swift; sourceTree = "<group>"; };
		FFB4FC5029CCC693001887BA /* SignUpView.swift */ = {isa = PBXFileReference; lastKnownFileType = sourcecode.swift; path = SignUpView.swift; sourceTree = "<group>"; };
		FFB4FC5229CCCC3D001887BA /* AngularButtonStyle.swift */ = {isa = PBXFileReference; lastKnownFileType = sourcecode.swift; path = AngularButtonStyle.swift; sourceTree = "<group>"; };
		FFE60D3529C5622800E59A28 /* Suggestion.swift */ = {isa = PBXFileReference; lastKnownFileType = sourcecode.swift; path = Suggestion.swift; sourceTree = "<group>"; };
		FFE8E07D29DD152300DBC2A9 /* AvatarView.swift */ = {isa = PBXFileReference; lastKnownFileType = sourcecode.swift; path = AvatarView.swift; sourceTree = "<group>"; };
		FFF697DC29DC4728002DD322 /* ModalView.swift */ = {isa = PBXFileReference; lastKnownFileType = sourcecode.swift; path = ModalView.swift; sourceTree = "<group>"; };
		FFF697DE29DC47A1002DD322 /* SignInView.swift */ = {isa = PBXFileReference; lastKnownFileType = sourcecode.swift; path = SignInView.swift; sourceTree = "<group>"; };
		FFFD3A6929B218C000087577 /* Styles.swift */ = {isa = PBXFileReference; lastKnownFileType = sourcecode.swift; path = Styles.swift; sourceTree = "<group>"; };
		FFFD3A6B29B2216900087577 /* AccountView.swift */ = {isa = PBXFileReference; lastKnownFileType = sourcecode.swift; path = AccountView.swift; sourceTree = "<group>"; };
/* End PBXFileReference section */

/* Begin PBXFrameworksBuildPhase section */
		FF6A5B0829AEFA75002B1322 /* Frameworks */ = {
			isa = PBXFrameworksBuildPhase;
			buildActionMask = 2147483647;
			files = (
			);
			runOnlyForDeploymentPostprocessing = 0;
		};
/* End PBXFrameworksBuildPhase section */

/* Begin PBXGroup section */
		FF07790629B5279400C19883 /* Navigation */ = {
			isa = PBXGroup;
			children = (
				FF07790029B4E25F00C19883 /* TabBar.swift */,
				FF6A5B1029AEFA75002B1322 /* ContentView.swift */,
				FF8DA57629B97F60001A5B15 /* NavigationBar.swift */,
			);
			path = Navigation;
			sourceTree = "<group>";
		};
		FF07790729B527B700C19883 /* Views */ = {
			isa = PBXGroup;
			children = (
				FFFD3A6B29B2216900087577 /* AccountView.swift */,
				FF07790429B5261A00C19883 /* HomeView.swift */,
				FF2266D329BD664700E78C9D /* MatchedView.swift */,
				FF2266D729BE55C100E78C9D /* CourseView.swift */,
				FF0E525829DF47C9007F7CEE /* SectionView.swift */,
				FF76C22929C4B70200587D7C /* SearchView.swift */,
				FFE8E07C29DD104600DBC2A9 /* Modals */,
			);
			path = Views;
			sourceTree = "<group>";
		};
		FF07790829B527C200C19883 /* Components */ = {
			isa = PBXGroup;
			children = (
				FF0778FC29B42B8000C19883 /* HexagonView.swift */,
				FF0778FE29B434F700C19883 /* BlobView.swift */,
				FF8DA57429B97E79001A5B15 /* FeaturedItem.swift */,
				FF2266D529BE548C00E78C9D /* CourseItem.swift */,
				FFE8E07D29DD152300DBC2A9 /* AvatarView.swift */,
				FF0E525229DF38B1007F7CEE /* CircularView.swift */,
				FF0E525629DF4580007F7CEE /* SectionRow.swift */,
			);
			path = Components;
			sourceTree = "<group>";
		};
		FF07790929B527D700C19883 /* Model */ = {
			isa = PBXGroup;
			children = (
				FF07790229B510B000C19883 /* Tab.swift */,
				FF2A733229BADAFE00308FB3 /* PreferenceKeys.swift */,
				FF2A733629BBD3DA00308FB3 /* Course.swift */,
				FF2266DB29C2B80A00E78C9D /* Model.swift */,
				FFE60D3529C5622800E59A28 /* Suggestion.swift */,
				FF0E524E29DE7DB4007F7CEE /* Address.swift */,
				FF0E525029DE7F53007F7CEE /* Coin.swift */,
				FF0E525429DF44EA007F7CEE /* CourseSection.swift */,
			);
			path = Model;
			sourceTree = "<group>";
		};
		FF07790A29B527E900C19883 /* Styles */ = {
			isa = PBXGroup;
			children = (
				FFFD3A6929B218C000087577 /* Styles.swift */,
				FF2A733429BBD0E600308FB3 /* AnimatableFontModifier.swift */,
				FF2266D929BE5BBE00E78C9D /* Animations.swift */,
				FFB4FC5229CCCC3D001887BA /* AngularButtonStyle.swift */,
				FF91FA6A29D45CD800DD37AF /* InputStyle.swift */,
			);
			path = Styles;
			sourceTree = "<group>";
		};
		FF6A5B0229AEFA75002B1322 = {
			isa = PBXGroup;
			children = (
				FF6A5B0D29AEFA75002B1322 /* DesignCodeIOS15 */,
				FF6A5B0C29AEFA75002B1322 /* Products */,
			);
			sourceTree = "<group>";
		};
		FF6A5B0C29AEFA75002B1322 /* Products */ = {
			isa = PBXGroup;
			children = (
				FF6A5B0B29AEFA75002B1322 /* DesignCodeIOS15.app */,
			);
			name = Products;
			sourceTree = "<group>";
		};
		FF6A5B0D29AEFA75002B1322 /* DesignCodeIOS15 */ = {
			isa = PBXGroup;
			children = (
				FF6A5B0E29AEFA75002B1322 /* DesignCodeIOS15App.swift */,
				FF07790829B527C200C19883 /* Components */,
				FF07790629B5279400C19883 /* Navigation */,
				FF07790729B527B700C19883 /* Views */,
				FF07790929B527D700C19883 /* Model */,
				FF07790A29B527E900C19883 /* Styles */,
				FF6A5B1229AEFA77002B1322 /* Assets.xcassets */,
				FF6A5B1429AEFA77002B1322 /* Preview Content */,
			);
			path = DesignCodeIOS15;
			sourceTree = "<group>";
		};
		FF6A5B1429AEFA77002B1322 /* Preview Content */ = {
			isa = PBXGroup;
			children = (
				FF6A5B1529AEFA77002B1322 /* Preview Assets.xcassets */,
			);
			path = "Preview Content";
			sourceTree = "<group>";
		};
		FFE8E07C29DD104600DBC2A9 /* Modals */ = {
			isa = PBXGroup;
			children = (
				FFB4FC5029CCC693001887BA /* SignUpView.swift */,
				FFF697DC29DC4728002DD322 /* ModalView.swift */,
				FFF697DE29DC47A1002DD322 /* SignInView.swift */,
			);
			path = Modals;
			sourceTree = "<group>";
		};
/* End PBXGroup section */

/* Begin PBXNativeTarget section */
		FF6A5B0A29AEFA75002B1322 /* DesignCodeIOS15 */ = {
			isa = PBXNativeTarget;
			buildConfigurationList = FF6A5B1929AEFA77002B1322 /* Build configuration list for PBXNativeTarget "DesignCodeIOS15" */;
			buildPhases = (
				FF6A5B0729AEFA75002B1322 /* Sources */,
				FF6A5B0829AEFA75002B1322 /* Frameworks */,
				FF6A5B0929AEFA75002B1322 /* Resources */,
			);
			buildRules = (
			);
			dependencies = (
			);
			name = DesignCodeIOS15;
			productName = DesignCodeIOS15;
			productReference = FF6A5B0B29AEFA75002B1322 /* DesignCodeIOS15.app */;
			productType = "com.apple.product-type.application";
		};
/* End PBXNativeTarget section */

/* Begin PBXProject section */
		FF6A5B0329AEFA75002B1322 /* Project object */ = {
			isa = PBXProject;
			attributes = {
				BuildIndependentTargetsInParallel = 1;
				LastSwiftUpdateCheck = 1420;
				LastUpgradeCheck = 1420;
				TargetAttributes = {
					FF6A5B0A29AEFA75002B1322 = {
						CreatedOnToolsVersion = 14.2;
					};
				};
			};
			buildConfigurationList = FF6A5B0629AEFA75002B1322 /* Build configuration list for PBXProject "DesignCodeIOS15" */;
			compatibilityVersion = "Xcode 14.0";
			developmentRegion = en;
			hasScannedForEncodings = 0;
			knownRegions = (
				en,
				Base,
			);
			mainGroup = FF6A5B0229AEFA75002B1322;
			productRefGroup = FF6A5B0C29AEFA75002B1322 /* Products */;
			projectDirPath = "";
			projectRoot = "";
			targets = (
				FF6A5B0A29AEFA75002B1322 /* DesignCodeIOS15 */,
			);
		};
/* End PBXProject section */

/* Begin PBXResourcesBuildPhase section */
		FF6A5B0929AEFA75002B1322 /* Resources */ = {
			isa = PBXResourcesBuildPhase;
			buildActionMask = 2147483647;
			files = (
				FF6A5B1629AEFA77002B1322 /* Preview Assets.xcassets in Resources */,
				FF6A5B1329AEFA77002B1322 /* Assets.xcassets in Resources */,
			);
			runOnlyForDeploymentPostprocessing = 0;
		};
/* End PBXResourcesBuildPhase section */

/* Begin PBXSourcesBuildPhase section */
		FF6A5B0729AEFA75002B1322 /* Sources */ = {
			isa = PBXSourcesBuildPhase;
			buildActionMask = 2147483647;
			files = (
				FF76C22A29C4B70200587D7C /* SearchView.swift in Sources */,
				FF07790529B5261A00C19883 /* HomeView.swift in Sources */,
				FF0E525929DF47C9007F7CEE /* SectionView.swift in Sources */,
				FF07790129B4E25F00C19883 /* TabBar.swift in Sources */,
				FF2266D829BE55C100E78C9D /* CourseView.swift in Sources */,
				FFFD3A6C29B2216900087577 /* AccountView.swift in Sources */,
				FFE60D3629C5622800E59A28 /* Suggestion.swift in Sources */,
				FF0E524F29DE7DB4007F7CEE /* Address.swift in Sources */,
				FF0778FD29B42B8000C19883 /* HexagonView.swift in Sources */,
				FFE8E07E29DD152300DBC2A9 /* AvatarView.swift in Sources */,
				FF2266D429BD664700E78C9D /* MatchedView.swift in Sources */,
				FF07790329B510B000C19883 /* Tab.swift in Sources */,
				FF8DA57729B97F60001A5B15 /* NavigationBar.swift in Sources */,
				FFB4FC5329CCCC3D001887BA /* AngularButtonStyle.swift in Sources */,
				FFFD3A6A29B218C000087577 /* Styles.swift in Sources */,
				FFF697DF29DC47A1002DD322 /* SignInView.swift in Sources */,
				FF0E525329DF38B1007F7CEE /* CircularView.swift in Sources */,
				FF0E525529DF44EA007F7CEE /* CourseSection.swift in Sources */,
				FF0E525129DE7F53007F7CEE /* Coin.swift in Sources */,
				FF0778FF29B434F700C19883 /* BlobView.swift in Sources */,
				FF2A733729BBD3DA00308FB3 /* Course.swift in Sources */,
				FF6A5B1129AEFA75002B1322 /* ContentView.swift in Sources */,
				FF2266D629BE548C00E78C9D /* CourseItem.swift in Sources */,
				FF8DA57529B97E79001A5B15 /* FeaturedItem.swift in Sources */,
				FFB4FC5129CCC694001887BA /* SignUpView.swift in Sources */,
				FF0E525729DF4580007F7CEE /* SectionRow.swift in Sources */,
				FF2266DA29BE5BBE00E78C9D /* Animations.swift in Sources */,
				FF2A733329BADAFE00308FB3 /* PreferenceKeys.swift in Sources */,
				FF91FA6B29D45CD800DD37AF /* InputStyle.swift in Sources */,
				FF2266DC29C2B80B00E78C9D /* Model.swift in Sources */,
				FF6A5B0F29AEFA75002B1322 /* DesignCodeIOS15App.swift in Sources */,
				FF2A733529BBD0E600308FB3 /* AnimatableFontModifier.swift in Sources */,
				FFF697DD29DC4728002DD322 /* ModalView.swift in Sources */,
			);
			runOnlyForDeploymentPostprocessing = 0;
		};
/* End PBXSourcesBuildPhase section */

/* Begin XCBuildConfiguration section */
		FF6A5B1729AEFA77002B1322 /* Debug */ = {
			isa = XCBuildConfiguration;
			buildSettings = {
				ALWAYS_SEARCH_USER_PATHS = NO;
				CLANG_ANALYZER_NONNULL = YES;
				CLANG_ANALYZER_NUMBER_OBJECT_CONVERSION = YES_AGGRESSIVE;
				CLANG_CXX_LANGUAGE_STANDARD = "gnu++20";
				CLANG_ENABLE_MODULES = YES;
				CLANG_ENABLE_OBJC_ARC = YES;
				CLANG_ENABLE_OBJC_WEAK = YES;
				CLANG_WARN_BLOCK_CAPTURE_AUTORELEASING = YES;
				CLANG_WARN_BOOL_CONVERSION = YES;
				CLANG_WARN_COMMA = YES;
				CLANG_WARN_CONSTANT_CONVERSION = YES;
				CLANG_WARN_DEPRECATED_OBJC_IMPLEMENTATIONS = YES;
				CLANG_WARN_DIRECT_OBJC_ISA_USAGE = YES_ERROR;
				CLANG_WARN_DOCUMENTATION_COMMENTS = YES;
				CLANG_WARN_EMPTY_BODY = YES;
				CLANG_WARN_ENUM_CONVERSION = YES;
				CLANG_WARN_INFINITE_RECURSION = YES;
				CLANG_WARN_INT_CONVERSION = YES;
				CLANG_WARN_NON_LITERAL_NULL_CONVERSION = YES;
				CLANG_WARN_OBJC_IMPLICIT_RETAIN_SELF = YES;
				CLANG_WARN_OBJC_LITERAL_CONVERSION = YES;
				CLANG_WARN_OBJC_ROOT_CLASS = YES_ERROR;
				CLANG_WARN_QUOTED_INCLUDE_IN_FRAMEWORK_HEADER = YES;
				CLANG_WARN_RANGE_LOOP_ANALYSIS = YES;
				CLANG_WARN_STRICT_PROTOTYPES = YES;
				CLANG_WARN_SUSPICIOUS_MOVE = YES;
				CLANG_WARN_UNGUARDED_AVAILABILITY = YES_AGGRESSIVE;
				CLANG_WARN_UNREACHABLE_CODE = YES;
				CLANG_WARN__DUPLICATE_METHOD_MATCH = YES;
				COPY_PHASE_STRIP = NO;
				DEBUG_INFORMATION_FORMAT = dwarf;
				ENABLE_STRICT_OBJC_MSGSEND = YES;
				ENABLE_TESTABILITY = YES;
				GCC_C_LANGUAGE_STANDARD = gnu11;
				GCC_DYNAMIC_NO_PIC = NO;
				GCC_NO_COMMON_BLOCKS = YES;
				GCC_OPTIMIZATION_LEVEL = 0;
				GCC_PREPROCESSOR_DEFINITIONS = (
					"DEBUG=1",
					"$(inherited)",
				);
				GCC_WARN_64_TO_32_BIT_CONVERSION = YES;
				GCC_WARN_ABOUT_RETURN_TYPE = YES_ERROR;
				GCC_WARN_UNDECLARED_SELECTOR = YES;
				GCC_WARN_UNINITIALIZED_AUTOS = YES_AGGRESSIVE;
				GCC_WARN_UNUSED_FUNCTION = YES;
				GCC_WARN_UNUSED_VARIABLE = YES;
				IPHONEOS_DEPLOYMENT_TARGET = 16.2;
				MTL_ENABLE_DEBUG_INFO = INCLUDE_SOURCE;
				MTL_FAST_MATH = YES;
				ONLY_ACTIVE_ARCH = YES;
				SDKROOT = iphoneos;
				SWIFT_ACTIVE_COMPILATION_CONDITIONS = DEBUG;
				SWIFT_OPTIMIZATION_LEVEL = "-Onone";
			};
			name = Debug;
		};
		FF6A5B1829AEFA77002B1322 /* Release */ = {
			isa = XCBuildConfiguration;
			buildSettings = {
				ALWAYS_SEARCH_USER_PATHS = NO;
				CLANG_ANALYZER_NONNULL = YES;
				CLANG_ANALYZER_NUMBER_OBJECT_CONVERSION = YES_AGGRESSIVE;
				CLANG_CXX_LANGUAGE_STANDARD = "gnu++20";
				CLANG_ENABLE_MODULES = YES;
				CLANG_ENABLE_OBJC_ARC = YES;
				CLANG_ENABLE_OBJC_WEAK = YES;
				CLANG_WARN_BLOCK_CAPTURE_AUTORELEASING = YES;
				CLANG_WARN_BOOL_CONVERSION = YES;
				CLANG_WARN_COMMA = YES;
				CLANG_WARN_CONSTANT_CONVERSION = YES;
				CLANG_WARN_DEPRECATED_OBJC_IMPLEMENTATIONS = YES;
				CLANG_WARN_DIRECT_OBJC_ISA_USAGE = YES_ERROR;
				CLANG_WARN_DOCUMENTATION_COMMENTS = YES;
				CLANG_WARN_EMPTY_BODY = YES;
				CLANG_WARN_ENUM_CONVERSION = YES;
				CLANG_WARN_INFINITE_RECURSION = YES;
				CLANG_WARN_INT_CONVERSION = YES;
				CLANG_WARN_NON_LITERAL_NULL_CONVERSION = YES;
				CLANG_WARN_OBJC_IMPLICIT_RETAIN_SELF = YES;
				CLANG_WARN_OBJC_LITERAL_CONVERSION = YES;
				CLANG_WARN_OBJC_ROOT_CLASS = YES_ERROR;
				CLANG_WARN_QUOTED_INCLUDE_IN_FRAMEWORK_HEADER = YES;
				CLANG_WARN_RANGE_LOOP_ANALYSIS = YES;
				CLANG_WARN_STRICT_PROTOTYPES = YES;
				CLANG_WARN_SUSPICIOUS_MOVE = YES;
				CLANG_WARN_UNGUARDED_AVAILABILITY = YES_AGGRESSIVE;
				CLANG_WARN_UNREACHABLE_CODE = YES;
				CLANG_WARN__DUPLICATE_METHOD_MATCH = YES;
				COPY_PHASE_STRIP = NO;
				DEBUG_INFORMATION_FORMAT = "dwarf-with-dsym";
				ENABLE_NS_ASSERTIONS = NO;
				ENABLE_STRICT_OBJC_MSGSEND = YES;
				GCC_C_LANGUAGE_STANDARD = gnu11;
				GCC_NO_COMMON_BLOCKS = YES;
				GCC_WARN_64_TO_32_BIT_CONVERSION = YES;
				GCC_WARN_ABOUT_RETURN_TYPE = YES_ERROR;
				GCC_WARN_UNDECLARED_SELECTOR = YES;
				GCC_WARN_UNINITIALIZED_AUTOS = YES_AGGRESSIVE;
				GCC_WARN_UNUSED_FUNCTION = YES;
				GCC_WARN_UNUSED_VARIABLE = YES;
				IPHONEOS_DEPLOYMENT_TARGET = 16.2;
				MTL_ENABLE_DEBUG_INFO = NO;
				MTL_FAST_MATH = YES;
				SDKROOT = iphoneos;
				SWIFT_COMPILATION_MODE = wholemodule;
				SWIFT_OPTIMIZATION_LEVEL = "-O";
				VALIDATE_PRODUCT = YES;
			};
			name = Release;
		};
		FF6A5B1A29AEFA77002B1322 /* Debug */ = {
			isa = XCBuildConfiguration;
			buildSettings = {
				ASSETCATALOG_COMPILER_APPICON_NAME = AppIcon;
				ASSETCATALOG_COMPILER_GLOBAL_ACCENT_COLOR_NAME = AccentColor;
				CODE_SIGN_STYLE = Automatic;
				CURRENT_PROJECT_VERSION = 1;
				DEVELOPMENT_ASSET_PATHS = "\"DesignCodeIOS15/Preview Content\"";
				DEVELOPMENT_TEAM = J275YB2YPQ;
				ENABLE_PREVIEWS = YES;
				GENERATE_INFOPLIST_FILE = YES;
				INFOPLIST_KEY_CFBundleDisplayName = DesignCode;
				INFOPLIST_KEY_UIApplicationSceneManifest_Generation = YES;
				INFOPLIST_KEY_UIApplicationSupportsIndirectInputEvents = YES;
				INFOPLIST_KEY_UILaunchScreen_Generation = YES;
				INFOPLIST_KEY_UISupportedInterfaceOrientations_iPad = "UIInterfaceOrientationPortrait UIInterfaceOrientationPortraitUpsideDown UIInterfaceOrientationLandscapeLeft UIInterfaceOrientationLandscapeRight";
				INFOPLIST_KEY_UISupportedInterfaceOrientations_iPhone = "UIInterfaceOrientationPortrait UIInterfaceOrientationLandscapeLeft UIInterfaceOrientationLandscapeRight";
				LD_RUNPATH_SEARCH_PATHS = (
					"$(inherited)",
					"@executable_path/Frameworks",
				);
				MARKETING_VERSION = 1.0;
				PRODUCT_BUNDLE_IDENTIFIER = com.codablecode.DesignCodeIOS15;
				PRODUCT_NAME = "$(TARGET_NAME)";
				SWIFT_EMIT_LOC_STRINGS = YES;
				SWIFT_VERSION = 5.0;
				TARGETED_DEVICE_FAMILY = "1,2";
			};
			name = Debug;
		};
		FF6A5B1B29AEFA77002B1322 /* Release */ = {
			isa = XCBuildConfiguration;
			buildSettings = {
				ASSETCATALOG_COMPILER_APPICON_NAME = AppIcon;
				ASSETCATALOG_COMPILER_GLOBAL_ACCENT_COLOR_NAME = AccentColor;
				CODE_SIGN_STYLE = Automatic;
				CURRENT_PROJECT_VERSION = 1;
				DEVELOPMENT_ASSET_PATHS = "\"DesignCodeIOS15/Preview Content\"";
				DEVELOPMENT_TEAM = J275YB2YPQ;
				ENABLE_PREVIEWS = YES;
				GENERATE_INFOPLIST_FILE = YES;
				INFOPLIST_KEY_CFBundleDisplayName = DesignCode;
				INFOPLIST_KEY_UIApplicationSceneManifest_Generation = YES;
				INFOPLIST_KEY_UIApplicationSupportsIndirectInputEvents = YES;
				INFOPLIST_KEY_UILaunchScreen_Generation = YES;
				INFOPLIST_KEY_UISupportedInterfaceOrientations_iPad = "UIInterfaceOrientationPortrait UIInterfaceOrientationPortraitUpsideDown UIInterfaceOrientationLandscapeLeft UIInterfaceOrientationLandscapeRight";
				INFOPLIST_KEY_UISupportedInterfaceOrientations_iPhone = "UIInterfaceOrientationPortrait UIInterfaceOrientationLandscapeLeft UIInterfaceOrientationLandscapeRight";
				LD_RUNPATH_SEARCH_PATHS = (
					"$(inherited)",
					"@executable_path/Frameworks",
				);
				MARKETING_VERSION = 1.0;
				PRODUCT_BUNDLE_IDENTIFIER = com.codablecode.DesignCodeIOS15;
				PRODUCT_NAME = "$(TARGET_NAME)";
				SWIFT_EMIT_LOC_STRINGS = YES;
				SWIFT_VERSION = 5.0;
				TARGETED_DEVICE_FAMILY = "1,2";
			};
			name = Release;
		};
/* End XCBuildConfiguration section */

/* Begin XCConfigurationList section */
		FF6A5B0629AEFA75002B1322 /* Build configuration list for PBXProject "DesignCodeIOS15" */ = {
			isa = XCConfigurationList;
			buildConfigurations = (
				FF6A5B1729AEFA77002B1322 /* Debug */,
				FF6A5B1829AEFA77002B1322 /* Release */,
			);
			defaultConfigurationIsVisible = 0;
			defaultConfigurationName = Release;
		};
		FF6A5B1929AEFA77002B1322 /* Build configuration list for PBXNativeTarget "DesignCodeIOS15" */ = {
			isa = XCConfigurationList;
			buildConfigurations = (
				FF6A5B1A29AEFA77002B1322 /* Debug */,
				FF6A5B1B29AEFA77002B1322 /* Release */,
			);
			defaultConfigurationIsVisible = 0;
			defaultConfigurationName = Release;
		};
/* End XCConfigurationList section */
	};
	rootObject = FF6A5B0329AEFA75002B1322 /* Project object */;
}
